
Microsoft Visual Studio Solution File, Format Version 12.00
# Visual Studio Version 16
VisualStudioVersion = 16.0.30907.101
MinimumVisualStudioVersion = 10.0.40219.1
Project("{9A19103F-16F7-4668-BE54-9A1E7A4F7556}") = "MindVision", "MindVision\MindVision.csproj", "{57629741-3353-498C-B955-5F8A2FD51278}"
EndProject
Global
	GlobalSection(SolutionConfigurationPlatforms) = preSolution
		Debug|Any CPU = Debug|Any CPU
		Release|Any CPU = Release|Any CPU
	EndGlobalSection
	GlobalSection(ProjectConfigurationPlatforms) = postSolution
		{57629741-3353-498C-B955-5F8A2FD51278}.Debug|Any CPU.ActiveCfg = Debug|Any CPU
		{57629741-3353-498C-B955-5F8A2FD51278}.Debug|Any CPU.Build.0 = Debug|Any CPU
		{57629741-3353-498C-B955-5F8A2FD51278}.Release|Any CPU.ActiveCfg = Release|Any CPU
		{57629741-3353-498C-B955-5F8A2FD51278}.Release|Any CPU.Build.0 = Release|Any CPU
	EndGlobalSection
	GlobalSection(SolutionProperties) = preSolution
		HideSolutionNode = FALSE
	EndGlobalSection
	GlobalSection(ExtensibilityGlobals) = postSolution
		SolutionGuid = {853541FA-7972-4513-A05B-8B380F31EE4B}
	EndGlobalSection
EndGlobal
